
Microsoft Visual Studio Solution File, Format Version 12.00
# Visual Studio Version 17
VisualStudioVersion = 17.4.33122.133
MinimumVisualStudioVersion = 10.0.40219.1
Project("{9A19103F-16F7-4668-BE54-9A1E7A4F7556}") = "FootballClubLibrary", "FootballClubLibrary\DAL\FootballClubLibrary.csproj", "{9AE52A30-8D28-4773-80BC-A883BC709694}"
EndProject
Project("{9A19103F-16F7-4668-BE54-9A1E7A4F7556}") = "FootballClubWeb", "FootballClubWeb\FootballClubWeb.csproj", "{F715024B-F6E9-4BB3-8982-C73DA38D501B}"
EndProject
Project("{FAE04EC0-301F-11D3-BF4B-00C04F79EFBC}") = "BusinessLogicLayer", "BusinessLogicLayer\BusinessLogicLayer.csproj", "{52110C08-F555-42E6-945D-929CE26633EE}"
EndProject
Global
	GlobalSection(SolutionConfigurationPlatforms) = preSolution
		Debug|Any CPU = Debug|Any CPU
		Release|Any CPU = Release|Any CPU
	EndGlobalSection
	GlobalSection(ProjectConfigurationPlatforms) = postSolution
		{9AE52A30-8D28-4773-80BC-A883BC709694}.Debug|Any CPU.ActiveCfg = Debug|Any CPU
		{9AE52A30-8D28-4773-80BC-A883BC709694}.Debug|Any CPU.Build.0 = Debug|Any CPU
		{9AE52A30-8D28-4773-80BC-A883BC709694}.Release|Any CPU.ActiveCfg = Release|Any CPU
		{9AE52A30-8D28-4773-80BC-A883BC709694}.Release|Any CPU.Build.0 = Release|Any CPU
		{F715024B-F6E9-4BB3-8982-C73DA38D501B}.Debug|Any CPU.ActiveCfg = Debug|Any CPU
		{F715024B-F6E9-4BB3-8982-C73DA38D501B}.Debug|Any CPU.Build.0 = Debug|Any CPU
		{F715024B-F6E9-4BB3-8982-C73DA38D501B}.Release|Any CPU.ActiveCfg = Release|Any CPU
		{F715024B-F6E9-4BB3-8982-C73DA38D501B}.Release|Any CPU.Build.0 = Release|Any CPU
		{52110C08-F555-42E6-945D-929CE26633EE}.Debug|Any CPU.ActiveCfg = Debug|Any CPU
		{52110C08-F555-42E6-945D-929CE26633EE}.Debug|Any CPU.Build.0 = Debug|Any CPU
		{52110C08-F555-42E6-945D-929CE26633EE}.Release|Any CPU.ActiveCfg = Release|Any CPU
		{52110C08-F555-42E6-945D-929CE26633EE}.Release|Any CPU.Build.0 = Release|Any CPU
	EndGlobalSection
	GlobalSection(SolutionProperties) = preSolution
		HideSolutionNode = FALSE
	EndGlobalSection
	GlobalSection(ExtensibilityGlobals) = postSolution
		SolutionGuid = {2ABB6127-1941-4175-939B-71AE50D6B040}
	EndGlobalSection
EndGlobal
